// !$*UTF8*$!
{
	archiveVersion = 1;
	classes = {
	};
	objectVersion = 51;
	objects = {

/* Begin PBXBuildFile section */
		0236057800C278B158B9DAD7 /* Review+Schema.swift in Sources */ = {isa = PBXBuildFile; fileRef = BF6CF276AAFC19ECDA09702E /* Review+Schema.swift */; };
		05FF7D4EE2CA1F8E070FC85E /* Person+Schema.swift in Sources */ = {isa = PBXBuildFile; fileRef = 1B299D1651D2CD5E349FCC6C /* Person+Schema.swift */; };
		06930EA3CC0615868E6C0611 /* AmplifyModels.swift in Sources */ = {isa = PBXBuildFile; fileRef = 94C1382A2BD90E78A8198C6A /* AmplifyModels.swift */; };
		085BCBD645686A00F2F8E321 /* Person+Schema.swift in Sources */ = {isa = PBXBuildFile; fileRef = 1B299D1651D2CD5E349FCC6C /* Person+Schema.swift */; };
		08AB04F874F36248A6883D75 /* Person.swift in Sources */ = {isa = PBXBuildFile; fileRef = 5F9CF8711DA939EAFF1F525B /* Person.swift */; };
		0C26CCBD151AF5A969778CFF /* Review+Schema.swift in Sources */ = {isa = PBXBuildFile; fileRef = BF6CF276AAFC19ECDA09702E /* Review+Schema.swift */; };
		0F0D1F9E1DBA6395062D55B1 /* Person+Schema.swift in Sources */ = {isa = PBXBuildFile; fileRef = 1B299D1651D2CD5E349FCC6C /* Person+Schema.swift */; };
		15CC3E9CEC7382A56C24F1D0 /* Review.swift in Sources */ = {isa = PBXBuildFile; fileRef = 5D1FBDE0461FD51AB8B17682 /* Review.swift */; };
		1E2CADFD903101C4DFC23E37 /* Person.swift in Sources */ = {isa = PBXBuildFile; fileRef = 5F9CF8711DA939EAFF1F525B /* Person.swift */; };
		29B85A83B8B56B6E5FC9A90D /* Review+Schema.swift in Sources */ = {isa = PBXBuildFile; fileRef = BF6CF276AAFC19ECDA09702E /* Review+Schema.swift */; };
		2C372FAD471BB02AB357C163 /* Review.swift in Sources */ = {isa = PBXBuildFile; fileRef = 5D1FBDE0461FD51AB8B17682 /* Review.swift */; };
		2CB8F3183D02CA29EB93687E /* amplifyconfiguration.json in Resources */ = {isa = PBXBuildFile; fileRef = 4D3EFEFA09A0C62CF486078D /* amplifyconfiguration.json */; };
		301368376FB034CCC0587F4A /* Review.swift in Sources */ = {isa = PBXBuildFile; fileRef = 5D1FBDE0461FD51AB8B17682 /* Review.swift */; };
		333A1BBD16A8A37A217BCDFE /* AmplifyModels.swift in Sources */ = {isa = PBXBuildFile; fileRef = 94C1382A2BD90E78A8198C6A /* AmplifyModels.swift */; };
		3878A0CF334181C5EBD8EEA8 /* Review+Schema.swift in Sources */ = {isa = PBXBuildFile; fileRef = BF6CF276AAFC19ECDA09702E /* Review+Schema.swift */; };
		44DDDA8724D0ABC09E66FC16 /* Person.swift in Sources */ = {isa = PBXBuildFile; fileRef = 5F9CF8711DA939EAFF1F525B /* Person.swift */; };
		47D6AE18AD96C9DB5AEEAD5D /* Review.swift in Sources */ = {isa = PBXBuildFile; fileRef = 5D1FBDE0461FD51AB8B17682 /* Review.swift */; };
		5015D71D26C80C46008310DC /* schema.graphql in Resources */ = {isa = PBXBuildFile; fileRef = 5015D71C26C80C46008310DC /* schema.graphql */; };
		5015D72226C824A4008310DC /* AppDelegate.swift in Sources */ = {isa = PBXBuildFile; fileRef = 5015D72126C824A4008310DC /* AppDelegate.swift */; };
		502F79DD26866AFB006AD7A3 /* EateryApp.swift in Sources */ = {isa = PBXBuildFile; fileRef = 502F79DC26866AFB006AD7A3 /* EateryApp.swift */; };
		502F79DF26866AFB006AD7A3 /* ContentView.swift in Sources */ = {isa = PBXBuildFile; fileRef = 502F79DE26866AFB006AD7A3 /* ContentView.swift */; };
		502F79E126866AFD006AD7A3 /* Assets.xcassets in Resources */ = {isa = PBXBuildFile; fileRef = 502F79E026866AFD006AD7A3 /* Assets.xcassets */; };
		502F79E426866AFD006AD7A3 /* Preview Assets.xcassets in Resources */ = {isa = PBXBuildFile; fileRef = 502F79E326866AFD006AD7A3 /* Preview Assets.xcassets */; };
		502F7A18268A57A1006AD7A3 /* Reviews.swift in Sources */ = {isa = PBXBuildFile; fileRef = 502F7A17268A57A1006AD7A3 /* Reviews.swift */; };
		502F7A1E268A80EF006AD7A3 /* MapView.swift in Sources */ = {isa = PBXBuildFile; fileRef = 502F7A1D268A80EF006AD7A3 /* MapView.swift */; };
		5042C1C12690A54D00F7BBE9 /* CameraView.swift in Sources */ = {isa = PBXBuildFile; fileRef = 5042C1C02690A54D00F7BBE9 /* CameraView.swift */; };
		5042C1C42690B87500F7BBE9 /* ImagePicker.swift in Sources */ = {isa = PBXBuildFile; fileRef = 5042C1C32690B87500F7BBE9 /* ImagePicker.swift */; };
		5078017E268BE1580051C6D4 /* PersonReviewView.swift in Sources */ = {isa = PBXBuildFile; fileRef = 5078017D268BE1580051C6D4 /* PersonReviewView.swift */; };
		5078018D268E1D390051C6D4 /* WriteReview.swift in Sources */ = {isa = PBXBuildFile; fileRef = 5078018C268E1D390051C6D4 /* WriteReview.swift */; };
		50A516372BA747D66836C27A /* Person.swift in Sources */ = {isa = PBXBuildFile; fileRef = 5F9CF8711DA939EAFF1F525B /* Person.swift */; };
		59F777EA9AC0C7EA46D0196E /* Person+Schema.swift in Sources */ = {isa = PBXBuildFile; fileRef = 1B299D1651D2CD5E349FCC6C /* Person+Schema.swift */; };
		5FD826F9306EC7D837578C6F /* Review.swift in Sources */ = {isa = PBXBuildFile; fileRef = 5D1FBDE0461FD51AB8B17682 /* Review.swift */; };
		62519EB4EE16EAA1AAEED87D /* Person+Schema.swift in Sources */ = {isa = PBXBuildFile; fileRef = 1B299D1651D2CD5E349FCC6C /* Person+Schema.swift */; };
		6481F0C9B712EA3A0C232D98 /* AmplifyModels.swift in Sources */ = {isa = PBXBuildFile; fileRef = 94C1382A2BD90E78A8198C6A /* AmplifyModels.swift */; };
		68B44E6DABA1990FCB7BD806 /* Review.swift in Sources */ = {isa = PBXBuildFile; fileRef = 5D1FBDE0461FD51AB8B17682 /* Review.swift */; };
		724E99B2C5A910ACB206730B /* Review.swift in Sources */ = {isa = PBXBuildFile; fileRef = 5D1FBDE0461FD51AB8B17682 /* Review.swift */; };
		7D874172D974AB56E97BBD60 /* AmplifyModels.swift in Sources */ = {isa = PBXBuildFile; fileRef = 94C1382A2BD90E78A8198C6A /* AmplifyModels.swift */; };
		7DEAB34DCE04D18CC51A8968 /* Review+Schema.swift in Sources */ = {isa = PBXBuildFile; fileRef = BF6CF276AAFC19ECDA09702E /* Review+Schema.swift */; };
		874028A620F8738A49B66404 /* AmplifyModels.swift in Sources */ = {isa = PBXBuildFile; fileRef = 94C1382A2BD90E78A8198C6A /* AmplifyModels.swift */; };
		88C1C53BEAD233367C4D56AB /* Person.swift in Sources */ = {isa = PBXBuildFile; fileRef = 5F9CF8711DA939EAFF1F525B /* Person.swift */; };
		88D0F76BADBEDAFF7877CA61 /* awsconfiguration.json in Resources */ = {isa = PBXBuildFile; fileRef = B0E3279F68032E1EC35F933B /* awsconfiguration.json */; };
		8E5C55DD4434868312EE2F72 /* AmplifyModels.swift in Sources */ = {isa = PBXBuildFile; fileRef = 94C1382A2BD90E78A8198C6A /* AmplifyModels.swift */; };
		9365B84D05774C48AE354BED /* Review.swift in Sources */ = {isa = PBXBuildFile; fileRef = 5D1FBDE0461FD51AB8B17682 /* Review.swift */; };
		99DB9FB716D783B3307E9480 /* Person+Schema.swift in Sources */ = {isa = PBXBuildFile; fileRef = 1B299D1651D2CD5E349FCC6C /* Person+Schema.swift */; };
		A1722B209DED048E6CA74842 /* Person+Schema.swift in Sources */ = {isa = PBXBuildFile; fileRef = 1B299D1651D2CD5E349FCC6C /* Person+Schema.swift */; };
		AE229CD853BBAD0431A7D466 /* Pods_Eatery.framework in Frameworks */ = {isa = PBXBuildFile; fileRef = 25CEE98A42EA1DB0B703BBA4 /* Pods_Eatery.framework */; };
		AEF07854783D346AE9B4EA87 /* AmplifyModels.swift in Sources */ = {isa = PBXBuildFile; fileRef = 94C1382A2BD90E78A8198C6A /* AmplifyModels.swift */; };
		D59F9C1C0E3D53DBED4F6543 /* Person.swift in Sources */ = {isa = PBXBuildFile; fileRef = 5F9CF8711DA939EAFF1F525B /* Person.swift */; };
		DD29FB7ECED62B36704BADA7 /* AmplifyModels.swift in Sources */ = {isa = PBXBuildFile; fileRef = 94C1382A2BD90E78A8198C6A /* AmplifyModels.swift */; };
		DE90E47ADDA634F0861F50A7 /* Review+Schema.swift in Sources */ = {isa = PBXBuildFile; fileRef = BF6CF276AAFC19ECDA09702E /* Review+Schema.swift */; };
		DF727B82E21813D6A14FE6BD /* AmplifyModels.swift in Sources */ = {isa = PBXBuildFile; fileRef = 94C1382A2BD90E78A8198C6A /* AmplifyModels.swift */; };
		E1A37C199187AFDA1A4E5AC1 /* AmplifyModels.swift in Sources */ = {isa = PBXBuildFile; fileRef = 94C1382A2BD90E78A8198C6A /* AmplifyModels.swift */; };
		E7AC036B142EC415AE36BB78 /* Person.swift in Sources */ = {isa = PBXBuildFile; fileRef = 5F9CF8711DA939EAFF1F525B /* Person.swift */; };
		F06B1EE8FEB467CAB39648C5 /* Review+Schema.swift in Sources */ = {isa = PBXBuildFile; fileRef = BF6CF276AAFC19ECDA09702E /* Review+Schema.swift */; };
		F2F4FF932404FA653B10FEDB /* Review+Schema.swift in Sources */ = {isa = PBXBuildFile; fileRef = BF6CF276AAFC19ECDA09702E /* Review+Schema.swift */; };
		F4F351453D1AF5589E884321 /* Review.swift in Sources */ = {isa = PBXBuildFile; fileRef = 5D1FBDE0461FD51AB8B17682 /* Review.swift */; };
		FF4BD632F2A79BA125D9BAF3 /* Review+Schema.swift in Sources */ = {isa = PBXBuildFile; fileRef = BF6CF276AAFC19ECDA09702E /* Review+Schema.swift */; };
/* End PBXBuildFile section */

/* Begin PBXFileReference section */
		1B299D1651D2CD5E349FCC6C /* Person+Schema.swift */ = {isa = PBXFileReference; explicitFileType = sourcecode.swift; name = "Person+Schema.swift"; path = "amplify/generated/models/Person+Schema.swift"; sourceTree = "<group>"; };
		25CEE98A42EA1DB0B703BBA4 /* Pods_Eatery.framework */ = {isa = PBXFileReference; explicitFileType = wrapper.framework; includeInIndex = 0; path = Pods_Eatery.framework; sourceTree = BUILT_PRODUCTS_DIR; };
		4D3EFEFA09A0C62CF486078D /* amplifyconfiguration.json */ = {isa = PBXFileReference; explicitFileType = text.json; path = amplifyconfiguration.json; sourceTree = "<group>"; };
		5015D71C26C80C46008310DC /* schema.graphql */ = {isa = PBXFileReference; fileEncoding = 4; lastKnownFileType = text; name = schema.graphql; path = amplify/backend/api/eatery/schema.graphql; sourceTree = "<group>"; };
		5015D72126C824A4008310DC /* AppDelegate.swift */ = {isa = PBXFileReference; lastKnownFileType = sourcecode.swift; path = AppDelegate.swift; sourceTree = "<group>"; };
		502F79D926866AFB006AD7A3 /* Eatery.app */ = {isa = PBXFileReference; explicitFileType = wrapper.application; includeInIndex = 0; path = Eatery.app; sourceTree = BUILT_PRODUCTS_DIR; };
		502F79DC26866AFB006AD7A3 /* EateryApp.swift */ = {isa = PBXFileReference; lastKnownFileType = sourcecode.swift; path = EateryApp.swift; sourceTree = "<group>"; };
		502F79DE26866AFB006AD7A3 /* ContentView.swift */ = {isa = PBXFileReference; lastKnownFileType = sourcecode.swift; path = ContentView.swift; sourceTree = "<group>"; };
		502F79E026866AFD006AD7A3 /* Assets.xcassets */ = {isa = PBXFileReference; lastKnownFileType = folder.assetcatalog; path = Assets.xcassets; sourceTree = "<group>"; };
		502F79E326866AFD006AD7A3 /* Preview Assets.xcassets */ = {isa = PBXFileReference; lastKnownFileType = folder.assetcatalog; path = "Preview Assets.xcassets"; sourceTree = "<group>"; };
		502F79E526866AFD006AD7A3 /* Info.plist */ = {isa = PBXFileReference; lastKnownFileType = text.plist.xml; path = Info.plist; sourceTree = "<group>"; };
		502F7A17268A57A1006AD7A3 /* Reviews.swift */ = {isa = PBXFileReference; lastKnownFileType = sourcecode.swift; path = Reviews.swift; sourceTree = "<group>"; };
		502F7A1D268A80EF006AD7A3 /* MapView.swift */ = {isa = PBXFileReference; lastKnownFileType = sourcecode.swift; path = MapView.swift; sourceTree = "<group>"; };
		5042C1C02690A54D00F7BBE9 /* CameraView.swift */ = {isa = PBXFileReference; lastKnownFileType = sourcecode.swift; path = CameraView.swift; sourceTree = "<group>"; };
		5042C1C32690B87500F7BBE9 /* ImagePicker.swift */ = {isa = PBXFileReference; lastKnownFileType = sourcecode.swift; path = ImagePicker.swift; sourceTree = "<group>"; };
		5078017D268BE1580051C6D4 /* PersonReviewView.swift */ = {isa = PBXFileReference; lastKnownFileType = sourcecode.swift; path = PersonReviewView.swift; sourceTree = "<group>"; };
		5078018C268E1D390051C6D4 /* WriteReview.swift */ = {isa = PBXFileReference; lastKnownFileType = sourcecode.swift; path = WriteReview.swift; sourceTree = "<group>"; };
		5D1FBDE0461FD51AB8B17682 /* Review.swift */ = {isa = PBXFileReference; explicitFileType = sourcecode.swift; name = Review.swift; path = amplify/generated/models/Review.swift; sourceTree = "<group>"; };
		5F9CF8711DA939EAFF1F525B /* Person.swift */ = {isa = PBXFileReference; explicitFileType = sourcecode.swift; name = Person.swift; path = amplify/generated/models/Person.swift; sourceTree = "<group>"; };
		6000AAFDD0526A67C5F0B3E0 /* Pods-Eatery.release.xcconfig */ = {isa = PBXFileReference; includeInIndex = 1; lastKnownFileType = text.xcconfig; name = "Pods-Eatery.release.xcconfig"; path = "Target Support Files/Pods-Eatery/Pods-Eatery.release.xcconfig"; sourceTree = "<group>"; };
		94C1382A2BD90E78A8198C6A /* AmplifyModels.swift */ = {isa = PBXFileReference; explicitFileType = sourcecode.swift; name = AmplifyModels.swift; path = amplify/generated/models/AmplifyModels.swift; sourceTree = "<group>"; };
		B0E3279F68032E1EC35F933B /* awsconfiguration.json */ = {isa = PBXFileReference; explicitFileType = text.json; path = awsconfiguration.json; sourceTree = "<group>"; };
		BF6CF276AAFC19ECDA09702E /* Review+Schema.swift */ = {isa = PBXFileReference; explicitFileType = sourcecode.swift; name = "Review+Schema.swift"; path = "amplify/generated/models/Review+Schema.swift"; sourceTree = "<group>"; };
		D21800FE9D7B3DBA20063F83 /* Pods-Eatery.debug.xcconfig */ = {isa = PBXFileReference; includeInIndex = 1; lastKnownFileType = text.xcconfig; name = "Pods-Eatery.debug.xcconfig"; path = "Target Support Files/Pods-Eatery/Pods-Eatery.debug.xcconfig"; sourceTree = "<group>"; };
/* End PBXFileReference section */

/* Begin PBXFrameworksBuildPhase section */
		502F79D626866AFB006AD7A3 /* Frameworks */ = {
			isa = PBXFrameworksBuildPhase;
			buildActionMask = 2147483647;
			files = (
				AE229CD853BBAD0431A7D466 /* Pods_Eatery.framework in Frameworks */,
			);
			runOnlyForDeploymentPostprocessing = 0;
		};
/* End PBXFrameworksBuildPhase section */

/* Begin PBXGroup section */
		07CE69DFB21DC95511AA3357 /* AmplifyConfig */ = {
			isa = PBXGroup;
			children = (
				B0E3279F68032E1EC35F933B /* awsconfiguration.json */,
				4D3EFEFA09A0C62CF486078D /* amplifyconfiguration.json */,
				5015D71C26C80C46008310DC /* schema.graphql */,
			);
			name = AmplifyConfig;
			sourceTree = "<group>";
		};
		28C54B49E972F35CFB125099 /* AmplifyModels */ = {
			isa = PBXGroup;
			children = (
				94C1382A2BD90E78A8198C6A /* AmplifyModels.swift */,
				BF6CF276AAFC19ECDA09702E /* Review+Schema.swift */,
				5D1FBDE0461FD51AB8B17682 /* Review.swift */,
				1B299D1651D2CD5E349FCC6C /* Person+Schema.swift */,
				5F9CF8711DA939EAFF1F525B /* Person.swift */,
			);
			name = AmplifyModels;
			sourceTree = "<group>";
		};
		502F79D026866AFB006AD7A3 = {
			isa = PBXGroup;
			children = (
				502F79DB26866AFB006AD7A3 /* Eatery */,
				502F79DA26866AFB006AD7A3 /* Products */,
				07CE69DFB21DC95511AA3357 /* AmplifyConfig */,
				58B8E5B786CE9BAAD29CBAE4 /* Pods */,
				E45FAF269657F2D7E08DAC85 /* Frameworks */,
				28C54B49E972F35CFB125099 /* AmplifyModels */,
			);
			sourceTree = "<group>";
		};
		502F79DA26866AFB006AD7A3 /* Products */ = {
			isa = PBXGroup;
			children = (
				502F79D926866AFB006AD7A3 /* Eatery.app */,
			);
			name = Products;
			sourceTree = "<group>";
		};
		502F79DB26866AFB006AD7A3 /* Eatery */ = {
			isa = PBXGroup;
			children = (
				5015D72126C824A4008310DC /* AppDelegate.swift */,
				502F79DC26866AFB006AD7A3 /* EateryApp.swift */,
				502F7A17268A57A1006AD7A3 /* Reviews.swift */,
				502F79DE26866AFB006AD7A3 /* ContentView.swift */,
				502F7A1D268A80EF006AD7A3 /* MapView.swift */,
				5078017D268BE1580051C6D4 /* PersonReviewView.swift */,
				5078018C268E1D390051C6D4 /* WriteReview.swift */,
				5042C1C02690A54D00F7BBE9 /* CameraView.swift */,
				5042C1C32690B87500F7BBE9 /* ImagePicker.swift */,
				502F79E026866AFD006AD7A3 /* Assets.xcassets */,
				502F79E526866AFD006AD7A3 /* Info.plist */,
				502F79E226866AFD006AD7A3 /* Preview Content */,
			);
			path = Eatery;
			sourceTree = "<group>";
		};
		502F79E226866AFD006AD7A3 /* Preview Content */ = {
			isa = PBXGroup;
			children = (
				502F79E326866AFD006AD7A3 /* Preview Assets.xcassets */,
			);
			path = "Preview Content";
			sourceTree = "<group>";
		};
		58B8E5B786CE9BAAD29CBAE4 /* Pods */ = {
			isa = PBXGroup;
			children = (
				D21800FE9D7B3DBA20063F83 /* Pods-Eatery.debug.xcconfig */,
				6000AAFDD0526A67C5F0B3E0 /* Pods-Eatery.release.xcconfig */,
			);
			path = Pods;
			sourceTree = "<group>";
		};
		E45FAF269657F2D7E08DAC85 /* Frameworks */ = {
			isa = PBXGroup;
			children = (
				25CEE98A42EA1DB0B703BBA4 /* Pods_Eatery.framework */,
			);
			name = Frameworks;
			sourceTree = "<group>";
		};
/* End PBXGroup section */

/* Begin PBXNativeTarget section */
		502F79D826866AFB006AD7A3 /* Eatery */ = {
			isa = PBXNativeTarget;
			buildConfigurationList = 502F79E826866AFD006AD7A3 /* Build configuration list for PBXNativeTarget "Eatery" */;
			buildPhases = (
				9CF5F07B1E005406E2C4D4A1 /* [CP] Check Pods Manifest.lock */,
				502F79D526866AFB006AD7A3 /* Sources */,
				502F79D626866AFB006AD7A3 /* Frameworks */,
				502F79D726866AFB006AD7A3 /* Resources */,
				2AB1ECDC0012862312E4494A /* [CP] Embed Pods Frameworks */,
				50E0321426C4B60900D285B6 /* ShellScript */,
			);
			buildRules = (
			);
			dependencies = (
			);
			name = Eatery;
			productName = Eatery;
			productReference = 502F79D926866AFB006AD7A3 /* Eatery.app */;
			productType = "com.apple.product-type.application";
		};
/* End PBXNativeTarget section */

/* Begin PBXProject section */
		502F79D126866AFB006AD7A3 /* Project object */ = {
			isa = PBXProject;
			attributes = {
				LastSwiftUpdateCheck = 1240;
				LastUpgradeCheck = 1240;
				TargetAttributes = {
					502F79D826866AFB006AD7A3 = {
						CreatedOnToolsVersion = 12.4;
					};
				};
			};
			buildConfigurationList = 502F79D426866AFB006AD7A3 /* Build configuration list for PBXProject "Eatery" */;
			compatibilityVersion = "Xcode 9.3";
			developmentRegion = en;
			hasScannedForEncodings = 0;
			knownRegions = (
				en,
				Base,
			);
			mainGroup = 502F79D026866AFB006AD7A3;
			productRefGroup = 502F79DA26866AFB006AD7A3 /* Products */;
			projectDirPath = "";
			projectRoot = "";
			targets = (
				502F79D826866AFB006AD7A3 /* Eatery */,
			);
		};
/* End PBXProject section */

/* Begin PBXResourcesBuildPhase section */
		502F79D726866AFB006AD7A3 /* Resources */ = {
			isa = PBXResourcesBuildPhase;
			buildActionMask = 2147483647;
			files = (
				502F79E426866AFD006AD7A3 /* Preview Assets.xcassets in Resources */,
				5015D71D26C80C46008310DC /* schema.graphql in Resources */,
				502F79E126866AFD006AD7A3 /* Assets.xcassets in Resources */,
				88D0F76BADBEDAFF7877CA61 /* awsconfiguration.json in Resources */,
				2CB8F3183D02CA29EB93687E /* amplifyconfiguration.json in Resources */,
			);
			runOnlyForDeploymentPostprocessing = 0;
		};
/* End PBXResourcesBuildPhase section */

/* Begin PBXShellScriptBuildPhase section */
		2AB1ECDC0012862312E4494A /* [CP] Embed Pods Frameworks */ = {
			isa = PBXShellScriptBuildPhase;
			buildActionMask = 2147483647;
			files = (
			);
			inputFileListPaths = (
				"${PODS_ROOT}/Target Support Files/Pods-Eatery/Pods-Eatery-frameworks-${CONFIGURATION}-input-files.xcfilelist",
			);
			inputPaths = (
			);
			name = "[CP] Embed Pods Frameworks";
			outputFileListPaths = (
				"${PODS_ROOT}/Target Support Files/Pods-Eatery/Pods-Eatery-frameworks-${CONFIGURATION}-output-files.xcfilelist",
			);
			outputPaths = (
			);
			runOnlyForDeploymentPostprocessing = 0;
			shellPath = /bin/sh;
			shellScript = "\"${PODS_ROOT}/Target Support Files/Pods-Eatery/Pods-Eatery-frameworks.sh\"\n";
			showEnvVarsInLog = 0;
		};
		50E0321426C4B60900D285B6 /* ShellScript */ = {
			isa = PBXShellScriptBuildPhase;
			buildActionMask = 2147483647;
			files = (
			);
			inputFileListPaths = (
			);
			inputPaths = (
			);
			outputFileListPaths = (
			);
			outputPaths = (
			);
			runOnlyForDeploymentPostprocessing = 0;
			shellPath = /bin/sh;
			shellScript = "\n";
		};
		9CF5F07B1E005406E2C4D4A1 /* [CP] Check Pods Manifest.lock */ = {
			isa = PBXShellScriptBuildPhase;
			buildActionMask = 2147483647;
			files = (
			);
			inputFileListPaths = (
			);
			inputPaths = (
				"${PODS_PODFILE_DIR_PATH}/Podfile.lock",
				"${PODS_ROOT}/Manifest.lock",
			);
			name = "[CP] Check Pods Manifest.lock";
			outputFileListPaths = (
			);
			outputPaths = (
				"$(DERIVED_FILE_DIR)/Pods-Eatery-checkManifestLockResult.txt",
			);
			runOnlyForDeploymentPostprocessing = 0;
			shellPath = /bin/sh;
			shellScript = "diff \"${PODS_PODFILE_DIR_PATH}/Podfile.lock\" \"${PODS_ROOT}/Manifest.lock\" > /dev/null\nif [ $? != 0 ] ; then\n    # print error to STDERR\n    echo \"error: The sandbox is not in sync with the Podfile.lock. Run 'pod install' or update your CocoaPods installation.\" >&2\n    exit 1\nfi\n# This output is used by Xcode 'outputs' to avoid re-running this script phase.\necho \"SUCCESS\" > \"${SCRIPT_OUTPUT_FILE_0}\"\n";
			showEnvVarsInLog = 0;
		};
/* End PBXShellScriptBuildPhase section */

/* Begin PBXSourcesBuildPhase section */
		502F79D526866AFB006AD7A3 /* Sources */ = {
			isa = PBXSourcesBuildPhase;
			buildActionMask = 2147483647;
			files = (
				5015D72226C824A4008310DC /* AppDelegate.swift in Sources */,
				5078018D268E1D390051C6D4 /* WriteReview.swift in Sources */,
				502F79DF26866AFB006AD7A3 /* ContentView.swift in Sources */,
				5042C1C12690A54D00F7BBE9 /* CameraView.swift in Sources */,
				502F7A18268A57A1006AD7A3 /* Reviews.swift in Sources */,
				502F7A1E268A80EF006AD7A3 /* MapView.swift in Sources */,
				5078017E268BE1580051C6D4 /* PersonReviewView.swift in Sources */,
				5042C1C42690B87500F7BBE9 /* ImagePicker.swift in Sources */,
				502F79DD26866AFB006AD7A3 /* EateryApp.swift in Sources */,
				8E5C55DD4434868312EE2F72 /* AmplifyModels.swift in Sources */,
				06930EA3CC0615868E6C0611 /* AmplifyModels.swift in Sources */,
				0C26CCBD151AF5A969778CFF /* Review+Schema.swift in Sources */,
				15CC3E9CEC7382A56C24F1D0 /* Review.swift in Sources */,
				DD29FB7ECED62B36704BADA7 /* AmplifyModels.swift in Sources */,
				7DEAB34DCE04D18CC51A8968 /* Review+Schema.swift in Sources */,
				F4F351453D1AF5589E884321 /* Review.swift in Sources */,
				7D874172D974AB56E97BBD60 /* AmplifyModels.swift in Sources */,
				0F0D1F9E1DBA6395062D55B1 /* Person+Schema.swift in Sources */,
				E7AC036B142EC415AE36BB78 /* Person.swift in Sources */,
				F2F4FF932404FA653B10FEDB /* Review+Schema.swift in Sources */,
				301368376FB034CCC0587F4A /* Review.swift in Sources */,
				AEF07854783D346AE9B4EA87 /* AmplifyModels.swift in Sources */,
				05FF7D4EE2CA1F8E070FC85E /* Person+Schema.swift in Sources */,
				08AB04F874F36248A6883D75 /* Person.swift in Sources */,
				F06B1EE8FEB467CAB39648C5 /* Review+Schema.swift in Sources */,
				5FD826F9306EC7D837578C6F /* Review.swift in Sources */,
				333A1BBD16A8A37A217BCDFE /* AmplifyModels.swift in Sources */,
				62519EB4EE16EAA1AAEED87D /* Person+Schema.swift in Sources */,
				88C1C53BEAD233367C4D56AB /* Person.swift in Sources */,
				3878A0CF334181C5EBD8EEA8 /* Review+Schema.swift in Sources */,
				9365B84D05774C48AE354BED /* Review.swift in Sources */,
				DF727B82E21813D6A14FE6BD /* AmplifyModels.swift in Sources */,
				59F777EA9AC0C7EA46D0196E /* Person+Schema.swift in Sources */,
				44DDDA8724D0ABC09E66FC16 /* Person.swift in Sources */,
				DE90E47ADDA634F0861F50A7 /* Review+Schema.swift in Sources */,
				2C372FAD471BB02AB357C163 /* Review.swift in Sources */,
				6481F0C9B712EA3A0C232D98 /* AmplifyModels.swift in Sources */,
				A1722B209DED048E6CA74842 /* Person+Schema.swift in Sources */,
				D59F9C1C0E3D53DBED4F6543 /* Person.swift in Sources */,
				0236057800C278B158B9DAD7 /* Review+Schema.swift in Sources */,
				724E99B2C5A910ACB206730B /* Review.swift in Sources */,
				874028A620F8738A49B66404 /* AmplifyModels.swift in Sources */,
				085BCBD645686A00F2F8E321 /* Person+Schema.swift in Sources */,
				50A516372BA747D66836C27A /* Person.swift in Sources */,
				29B85A83B8B56B6E5FC9A90D /* Review+Schema.swift in Sources */,
				47D6AE18AD96C9DB5AEEAD5D /* Review.swift in Sources */,
				E1A37C199187AFDA1A4E5AC1 /* AmplifyModels.swift in Sources */,
				99DB9FB716D783B3307E9480 /* Person+Schema.swift in Sources */,
				1E2CADFD903101C4DFC23E37 /* Person.swift in Sources */,
				FF4BD632F2A79BA125D9BAF3 /* Review+Schema.swift in Sources */,
				68B44E6DABA1990FCB7BD806 /* Review.swift in Sources */,
			);
			runOnlyForDeploymentPostprocessing = 0;
		};
/* End PBXSourcesBuildPhase section */

/* Begin XCBuildConfiguration section */
		502F79E626866AFD006AD7A3 /* Debug */ = {
			isa = XCBuildConfiguration;
			buildSettings = {
				ALWAYS_SEARCH_USER_PATHS = NO;
				CLANG_ANALYZER_NONNULL = YES;
				CLANG_ANALYZER_NUMBER_OBJECT_CONVERSION = YES_AGGRESSIVE;
				CLANG_CXX_LANGUAGE_STANDARD = "gnu++14";
				CLANG_CXX_LIBRARY = "libc++";
				CLANG_ENABLE_MODULES = YES;
				CLANG_ENABLE_OBJC_ARC = YES;
				CLANG_ENABLE_OBJC_WEAK = YES;
				CLANG_WARN_BLOCK_CAPTURE_AUTORELEASING = YES;
				CLANG_WARN_BOOL_CONVERSION = YES;
				CLANG_WARN_COMMA = YES;
				CLANG_WARN_CONSTANT_CONVERSION = YES;
				CLANG_WARN_DEPRECATED_OBJC_IMPLEMENTATIONS = YES;
				CLANG_WARN_DIRECT_OBJC_ISA_USAGE = YES_ERROR;
				CLANG_WARN_DOCUMENTATION_COMMENTS = YES;
				CLANG_WARN_EMPTY_BODY = YES;
				CLANG_WARN_ENUM_CONVERSION = YES;
				CLANG_WARN_INFINITE_RECURSION = YES;
				CLANG_WARN_INT_CONVERSION = YES;
				CLANG_WARN_NON_LITERAL_NULL_CONVERSION = YES;
				CLANG_WARN_OBJC_IMPLICIT_RETAIN_SELF = YES;
				CLANG_WARN_OBJC_LITERAL_CONVERSION = YES;
				CLANG_WARN_OBJC_ROOT_CLASS = YES_ERROR;
				CLANG_WARN_QUOTED_INCLUDE_IN_FRAMEWORK_HEADER = YES;
				CLANG_WARN_RANGE_LOOP_ANALYSIS = YES;
				CLANG_WARN_STRICT_PROTOTYPES = YES;
				CLANG_WARN_SUSPICIOUS_MOVE = YES;
				CLANG_WARN_UNGUARDED_AVAILABILITY = YES_AGGRESSIVE;
				CLANG_WARN_UNREACHABLE_CODE = YES;
				CLANG_WARN__DUPLICATE_METHOD_MATCH = YES;
				COPY_PHASE_STRIP = NO;
				DEBUG_INFORMATION_FORMAT = dwarf;
				ENABLE_STRICT_OBJC_MSGSEND = YES;
				ENABLE_TESTABILITY = YES;
				GCC_C_LANGUAGE_STANDARD = gnu11;
				GCC_DYNAMIC_NO_PIC = NO;
				GCC_NO_COMMON_BLOCKS = YES;
				GCC_OPTIMIZATION_LEVEL = 0;
				GCC_PREPROCESSOR_DEFINITIONS = (
					"DEBUG=1",
					"$(inherited)",
				);
				GCC_WARN_64_TO_32_BIT_CONVERSION = YES;
				GCC_WARN_ABOUT_RETURN_TYPE = YES_ERROR;
				GCC_WARN_UNDECLARED_SELECTOR = YES;
				GCC_WARN_UNINITIALIZED_AUTOS = YES_AGGRESSIVE;
				GCC_WARN_UNUSED_FUNCTION = YES;
				GCC_WARN_UNUSED_VARIABLE = YES;
				IPHONEOS_DEPLOYMENT_TARGET = 14.4;
				MTL_ENABLE_DEBUG_INFO = INCLUDE_SOURCE;
				MTL_FAST_MATH = YES;
				ONLY_ACTIVE_ARCH = YES;
				SDKROOT = iphoneos;
				SWIFT_ACTIVE_COMPILATION_CONDITIONS = DEBUG;
				SWIFT_OPTIMIZATION_LEVEL = "-Onone";
			};
			name = Debug;
		};
		502F79E726866AFD006AD7A3 /* Release */ = {
			isa = XCBuildConfiguration;
			buildSettings = {
				ALWAYS_SEARCH_USER_PATHS = NO;
				CLANG_ANALYZER_NONNULL = YES;
				CLANG_ANALYZER_NUMBER_OBJECT_CONVERSION = YES_AGGRESSIVE;
				CLANG_CXX_LANGUAGE_STANDARD = "gnu++14";
				CLANG_CXX_LIBRARY = "libc++";
				CLANG_ENABLE_MODULES = YES;
				CLANG_ENABLE_OBJC_ARC = YES;
				CLANG_ENABLE_OBJC_WEAK = YES;
				CLANG_WARN_BLOCK_CAPTURE_AUTORELEASING = YES;
				CLANG_WARN_BOOL_CONVERSION = YES;
				CLANG_WARN_COMMA = YES;
				CLANG_WARN_CONSTANT_CONVERSION = YES;
				CLANG_WARN_DEPRECATED_OBJC_IMPLEMENTATIONS = YES;
				CLANG_WARN_DIRECT_OBJC_ISA_USAGE = YES_ERROR;
				CLANG_WARN_DOCUMENTATION_COMMENTS = YES;
				CLANG_WARN_EMPTY_BODY = YES;
				CLANG_WARN_ENUM_CONVERSION = YES;
				CLANG_WARN_INFINITE_RECURSION = YES;
				CLANG_WARN_INT_CONVERSION = YES;
				CLANG_WARN_NON_LITERAL_NULL_CONVERSION = YES;
				CLANG_WARN_OBJC_IMPLICIT_RETAIN_SELF = YES;
				CLANG_WARN_OBJC_LITERAL_CONVERSION = YES;
				CLANG_WARN_OBJC_ROOT_CLASS = YES_ERROR;
				CLANG_WARN_QUOTED_INCLUDE_IN_FRAMEWORK_HEADER = YES;
				CLANG_WARN_RANGE_LOOP_ANALYSIS = YES;
				CLANG_WARN_STRICT_PROTOTYPES = YES;
				CLANG_WARN_SUSPICIOUS_MOVE = YES;
				CLANG_WARN_UNGUARDED_AVAILABILITY = YES_AGGRESSIVE;
				CLANG_WARN_UNREACHABLE_CODE = YES;
				CLANG_WARN__DUPLICATE_METHOD_MATCH = YES;
				COPY_PHASE_STRIP = NO;
				DEBUG_INFORMATION_FORMAT = "dwarf-with-dsym";
				ENABLE_NS_ASSERTIONS = NO;
				ENABLE_STRICT_OBJC_MSGSEND = YES;
				GCC_C_LANGUAGE_STANDARD = gnu11;
				GCC_NO_COMMON_BLOCKS = YES;
				GCC_WARN_64_TO_32_BIT_CONVERSION = YES;
				GCC_WARN_ABOUT_RETURN_TYPE = YES_ERROR;
				GCC_WARN_UNDECLARED_SELECTOR = YES;
				GCC_WARN_UNINITIALIZED_AUTOS = YES_AGGRESSIVE;
				GCC_WARN_UNUSED_FUNCTION = YES;
				GCC_WARN_UNUSED_VARIABLE = YES;
				IPHONEOS_DEPLOYMENT_TARGET = 14.4;
				MTL_ENABLE_DEBUG_INFO = NO;
				MTL_FAST_MATH = YES;
				SDKROOT = iphoneos;
				SWIFT_COMPILATION_MODE = wholemodule;
				SWIFT_OPTIMIZATION_LEVEL = "-O";
				VALIDATE_PRODUCT = YES;
			};
			name = Release;
		};
		502F79E926866AFD006AD7A3 /* Debug */ = {
			isa = XCBuildConfiguration;
			baseConfigurationReference = D21800FE9D7B3DBA20063F83 /* Pods-Eatery.debug.xcconfig */;
			buildSettings = {
				ASSETCATALOG_COMPILER_APPICON_NAME = AppIcon;
				ASSETCATALOG_COMPILER_GLOBAL_ACCENT_COLOR_NAME = AccentColor;
				CODE_SIGN_STYLE = Automatic;
				DEVELOPMENT_ASSET_PATHS = "\"Eatery/Preview Content\"";
				DEVELOPMENT_TEAM = GN79ATQKVV;
				ENABLE_PREVIEWS = YES;
				INFOPLIST_FILE = Eatery/Info.plist;
				IPHONEOS_DEPLOYMENT_TARGET = 14.0;
				LD_RUNPATH_SEARCH_PATHS = (
					"$(inherited)",
					"@executable_path/Frameworks",
				);
				PRODUCT_BUNDLE_IDENTIFIER = com.mason.Eatery;
				PRODUCT_NAME = "$(TARGET_NAME)";
				SWIFT_VERSION = 5.0;
				TARGETED_DEVICE_FAMILY = "1,2";
			};
			name = Debug;
		};
		502F79EA26866AFD006AD7A3 /* Release */ = {
			isa = XCBuildConfiguration;
			baseConfigurationReference = 6000AAFDD0526A67C5F0B3E0 /* Pods-Eatery.release.xcconfig */;
			buildSettings = {
				ASSETCATALOG_COMPILER_APPICON_NAME = AppIcon;
				ASSETCATALOG_COMPILER_GLOBAL_ACCENT_COLOR_NAME = AccentColor;
				CODE_SIGN_STYLE = Automatic;
				DEVELOPMENT_ASSET_PATHS = "\"Eatery/Preview Content\"";
				DEVELOPMENT_TEAM = GN79ATQKVV;
				ENABLE_PREVIEWS = YES;
				INFOPLIST_FILE = Eatery/Info.plist;
				IPHONEOS_DEPLOYMENT_TARGET = 14.0;
				LD_RUNPATH_SEARCH_PATHS = (
					"$(inherited)",
					"@executable_path/Frameworks",
				);
				PRODUCT_BUNDLE_IDENTIFIER = com.mason.Eatery;
				PRODUCT_NAME = "$(TARGET_NAME)";
				SWIFT_VERSION = 5.0;
				TARGETED_DEVICE_FAMILY = "1,2";
			};
			name = Release;
		};
/* End XCBuildConfiguration section */

/* Begin XCConfigurationList section */
		502F79D426866AFB006AD7A3 /* Build configuration list for PBXProject "Eatery" */ = {
			isa = XCConfigurationList;
			buildConfigurations = (
				502F79E626866AFD006AD7A3 /* Debug */,
				502F79E726866AFD006AD7A3 /* Release */,
			);
			defaultConfigurationIsVisible = 0;
			defaultConfigurationName = Release;
		};
		502F79E826866AFD006AD7A3 /* Build configuration list for PBXNativeTarget "Eatery" */ = {
			isa = XCConfigurationList;
			buildConfigurations = (
				502F79E926866AFD006AD7A3 /* Debug */,
				502F79EA26866AFD006AD7A3 /* Release */,
			);
			defaultConfigurationIsVisible = 0;
			defaultConfigurationName = Release;
		};
/* End XCConfigurationList section */
	};
	rootObject = 502F79D126866AFB006AD7A3 /* Project object */;
}
